
Microsoft Visual Studio Solution File, Format Version 12.00
# Visual Studio Version 17
VisualStudioVersion = 17.3.32901.215
MinimumVisualStudioVersion = 10.0.40219.1
Project("{9A19103F-16F7-4668-BE54-9A1E7A4F7556}") = "ProjectHB", "CalorieApp\ProjectHB.csproj", "{DDA757C2-FC9B-4EC7-9F4E-529C734EDEAD}"
EndProject
Global
	GlobalSection(SolutionConfigurationPlatforms) = preSolution
		Debug|Any CPU = Debug|Any CPU
		Release|Any CPU = Release|Any CPU
	EndGlobalSection
	GlobalSection(ProjectConfigurationPlatforms) = postSolution
		{DDA757C2-FC9B-4EC7-9F4E-529C734EDEAD}.Debug|Any CPU.ActiveCfg = Debug|Any CPU
		{DDA757C2-FC9B-4EC7-9F4E-529C734EDEAD}.Debug|Any CPU.Build.0 = Debug|Any CPU
		{DDA757C2-FC9B-4EC7-9F4E-529C734EDEAD}.Release|Any CPU.ActiveCfg = Release|Any CPU
		{DDA757C2-FC9B-4EC7-9F4E-529C734EDEAD}.Release|Any CPU.Build.0 = Release|Any CPU
	EndGlobalSection
	GlobalSection(SolutionProperties) = preSolution
		HideSolutionNode = FALSE
	EndGlobalSection
	GlobalSection(ExtensibilityGlobals) = postSolution
		SolutionGuid = {8D2A8B96-626A-469C-A6F6-150DD42D0B0F}
	EndGlobalSection
EndGlobal
